
Microsoft Visual Studio Solution File, Format Version 12.00
# Visual Studio Version 17
VisualStudioVersion = 17.4.33110.190
MinimumVisualStudioVersion = 10.0.40219.1
Project("{FAE04EC0-301F-11D3-BF4B-00C04F79EFBC}") = "Schere-Stein-Papier mit Echse und Spock", "Schere-Stein-Papier mit Echse und Spock.csproj", "{459668F9-3768-4938-B6EC-CFEA00FB5A04}"
EndProject
Global
	GlobalSection(SolutionConfigurationPlatforms) = preSolution
		Debug|Any CPU = Debug|Any CPU
		Release|Any CPU = Release|Any CPU
	EndGlobalSection
	GlobalSection(ProjectConfigurationPlatforms) = postSolution
		{459668F9-3768-4938-B6EC-CFEA00FB5A04}.Debug|Any CPU.ActiveCfg = Debug|Any CPU
		{459668F9-3768-4938-B6EC-CFEA00FB5A04}.Debug|Any CPU.Build.0 = Debug|Any CPU
		{459668F9-3768-4938-B6EC-CFEA00FB5A04}.Release|Any CPU.ActiveCfg = Release|Any CPU
		{459668F9-3768-4938-B6EC-CFEA00FB5A04}.Release|Any CPU.Build.0 = Release|Any CPU
	EndGlobalSection
	GlobalSection(SolutionProperties) = preSolution
		HideSolutionNode = FALSE
	EndGlobalSection
	GlobalSection(ExtensibilityGlobals) = postSolution
		SolutionGuid = {4EFF4BD0-17F7-43E9-A9D5-FF3210C485EC}
	EndGlobalSection
EndGlobal
